name: Update flake.lock

on:
  schedule:
    # Mondays at 06:00 UTC
    - cron: "0 6 * * 1"
  workflow_dispatch: {} # allow manual runs

jobs:
  update-lock:
    name: Update nixos/flake.lock
    runs-on: ubuntu-latest
    permissions:
      contents: write
      pull-requests: write
    outputs:
      pr-number: ${{ steps.update.outputs.pull-request-number }}
    steps:
      - name: Checkout repository
        uses: actions/checkout@v7

      - name: Install Nix
        uses: DeterminateSystems/nix-installer-action@main

      - name: Update flake.lock and open PR
        id: update
        uses: DeterminateSystems/update-flake-lock@main
        with:
          path-to-flake-dir: nixos
          pr-title: "chore(flake): update flake.lock"
          pr-labels: |
            dependencies
            automated

  # The PR this workflow opens is created with the default GITHUB_TOKEN, and GitHub
  # deliberately does not start workflow runs for events raised by that token (it is
  # how they stop bots recursing). So `validate.yml`/`fmt.yml`, which trigger on
  # `pull_request`, never run on it — PR #72 sat open for a month with *zero* checks
  # and nobody could tell whether the lock it proposed even evaluated.
  #
  # There is no fix on the PR side short of a PAT. Instead validate the branch here,
  # from the scheduled run, which does have a normal workflow context — then say so on
  # the PR so the result is visible where the human is actually looking.
  validate:
    name: Validate the proposed lock
    needs: update-lock
    # Skip when the lock was already current: no PR, nothing to check.
    if: needs.update-lock.outputs.pr-number != ''
    runs-on: ubuntu-latest
    permissions:
      contents: read
      pull-requests: write
    steps:
      - name: Checkout the bot's branch
        uses: actions/checkout@v7
        with:
          ref: update_flake_lock_action

      - name: Install Nix
        uses: cachix/install-nix-action@v31
        with:
          nix_path: nixpkgs=channel:nixos-unstable
          extra_nix_config: |
            experimental-features = nix-command flakes

      - name: Cache Nix store
        uses: DeterminateSystems/magic-nix-cache-action@v8

      # `just validate` (nixos/justfile) rather than a copy of it here: it runs
      # `nix flake check` and then evaluates every host to a toplevel drvPath,
      # deriving the host list from the flake so a new host needs no edit in either
      # place. Instantiating a derivation needs no builder for its platform, which is
      # what lets this one Linux runner cover the aarch64-darwin hosts too.
      #
      # `.#ci`, not the default dev shell: everything entered here gets built from
      # the very lock under test, and the default shell would drag nh, nvd,
      # nix-output-monitor and treefmt in with it. See flake-modules/dev.nix.
      #
      # Evaluation is minutes, not tens of minutes, so bound it — but on the STEP,
      # not the job. A job timeout *cancels*, which is the one thing the
      # `!cancelled()` guard on the report step below suppresses: the timeout added
      # to make a runaway visible would leave the PR with no comment at all. A step
      # timeout is a step failure, so the report still runs and still says ❌. This
      # is the job's only long-running step, so the bound is the same either way.
      - name: Check the flake and evaluate every host
        working-directory: nixos
        timeout-minutes: 30
        run: nix develop .#ci --command just validate

  # Evaluation cannot see a fixed-output hash, because the hash is a literal in the
  # expression and whether the fetched bytes match it is a build-time fact. On
  # 2026-08-16 that gap was not theoretical: a bump passed `just validate` on all
  # eight hosts and then died on a real build, because upstream had re-rolled the
  # googlefonts/nanoemoji tarball and `jetbrains-mono` could no longer be built.
  #
  # So build one host for real. dungeon, because it is the deploy target and the
  # headless one; and on macOS because that is where the gap actually bites —
  # nixpkgs' aarch64-darwin outputs are cached far less reliably than x86_64-linux,
  # so a Linux build would have substituted the cached result and noticed nothing.
  #
  # ~6.6 GB of closure, mostly substituted. Expensive for a per-PR check, entirely
  # affordable once a week — and it is the only check here that answers the question
  # `just dr` actually asks.
  build-darwin:
    name: Build a Darwin host for real
    needs: update-lock
    if: needs.update-lock.outputs.pr-number != ''
    runs-on: macos-latest
    outputs:
      failure-tail: ${{ steps.capture.outputs.tail }}
    steps:
      - name: Checkout the bot's branch
        uses: actions/checkout@v7
        with:
          ref: update_flake_lock_action

      - name: Install Nix
        uses: cachix/install-nix-action@v31
        with:
          nix_path: nixpkgs=channel:nixos-unstable
          extra_nix_config: |
            experimental-features = nix-command flakes

      - name: Cache Nix store
        uses: DeterminateSystems/magic-nix-cache-action@v8

      - name: Build dungeon
        working-directory: nixos
        timeout-minutes: 90
        run: |
          set -o pipefail
          nix build --no-link --print-build-logs \
            .#darwinConfigurations.dungeon.system 2>&1 | tee /tmp/build.log

      # "Go read the logs" is a worse comment than the four lines that matter. A hash
      # mismatch says everything in `error:` + `specified:` + `got:`.
      - name: Capture the failure
        id: capture
        if: failure()
        run: |
          # `head` exits 0 on empty input, so the emptiness has to be tested rather
          # than left to `||`. And the log may not exist at all if an earlier step
          # died, hence `|| true` on every read.
          lines=$(grep -E 'error:|hash mismatch|specified:|got:' /tmp/build.log 2>/dev/null | head -20 || true)
          [ -n "$lines" ] || lines=$(tail -20 /tmp/build.log 2>/dev/null || true)
          {
            echo 'tail<<GH_EOF_MARKER'
            # A delimiter appearing in the payload would end the block early and let
            # the rest be parsed as workflow commands.
            printf '%s\n' "$lines" | grep -v '^GH_EOF_MARKER$' || true
            echo 'GH_EOF_MARKER'
          } >> "$GITHUB_OUTPUT"

  # Its own job so it can speak for both checks at once, and so a failure in either
  # still gets said out loud. `!cancelled()` rather than `always()`: a cancelled run
  # validated nothing, and "❌ do not merge" would be a verdict about work that never
  # happened. `!cancelled()` also keeps this running when a *dependency* failed,
  # which `success()` (the default) would not.
  #
  # A red run buried in the Actions tab is not a signal anyone sees; a comment on the
  # PR is. GH_REPO because this job checks nothing out, so `gh` has no git remote to
  # infer the repository from.
  report:
    name: Report on the PR
    needs: [update-lock, validate, build-darwin]
    if: ${{ !cancelled() && needs.update-lock.outputs.pr-number != '' }}
    runs-on: ubuntu-latest
    permissions:
      pull-requests: write
    steps:
      - name: Comment the verdict
        env:
          GH_TOKEN: ${{ secrets.GITHUB_TOKEN }}
          GH_REPO: ${{ github.repository }}
          PR: ${{ needs.update-lock.outputs.pr-number }}
          EVAL: ${{ needs.validate.result }}
          BUILD: ${{ needs.build-darwin.result }}
          TAIL: ${{ needs.build-darwin.outputs.failure-tail }}
          RUN_URL: ${{ github.server_url }}/${{ github.repository }}/actions/runs/${{ github.run_id }}
        run: |
          mark() { [ "$1" = "success" ] && echo "✅" || echo "❌"; }

          if [ "$EVAL" = "success" ] && [ "$BUILD" = "success" ]; then
            header="✅ **Lock validated** — safe to merge."
          else
            header="❌ **Do not merge.**"
          fi

          body="$header ([run]($RUN_URL))

          | check | |
          |---|---|
          | \`nix flake check\` + all eight hosts evaluate | $(mark "$EVAL") \`$EVAL\` |
          | \`darwinConfigurations.dungeon.system\` builds for real | $(mark "$BUILD") \`$BUILD\` |
          "

          if [ "$BUILD" != "success" ] && [ -n "$TAIL" ]; then
            body="$body
          <details><summary>Build failure</summary>

          \`\`\`
          $TAIL
          \`\`\`
          </details>
          "
          fi

          gh pr comment "$PR" --body "$body"
